
Microsoft Visual Studio Solution File, Format Version 12.00
# Visual Studio Version 17
VisualStudioVersion = 17.11.35327.3
MinimumVisualStudioVersion = 10.0.40219.1
Project("{FAE04EC0-301F-11D3-BF4B-00C04F79EFBC}") = "CarSpeed", "CarSpeed\CarSpeed.csproj", "{611A2F27-02E3-4821-8E38-7CDE1D77C702}"
EndProject
Global
	GlobalSection(SolutionConfigurationPlatforms) = preSolution
		Debug|Any CPU = Debug|Any CPU
		Release|Any CPU = Release|Any CPU
	EndGlobalSection
	GlobalSection(ProjectConfigurationPlatforms) = postSolution
		{611A2F27-02E3-4821-8E38-7CDE1D77C702}.Debug|Any CPU.ActiveCfg = Debug|Any CPU
		{611A2F27-02E3-4821-8E38-7CDE1D77C702}.Debug|Any CPU.Build.0 = Debug|Any CPU
		{611A2F27-02E3-4821-8E38-7CDE1D77C702}.Release|Any CPU.ActiveCfg = Release|Any CPU
		{611A2F27-02E3-4821-8E38-7CDE1D77C702}.Release|Any CPU.Build.0 = Release|Any CPU
	EndGlobalSection
	GlobalSection(SolutionProperties) = preSolution
		HideSolutionNode = FALSE
	EndGlobalSection
	GlobalSection(ExtensibilityGlobals) = postSolution
		SolutionGuid = {A5F624AF-E829-4563-8AA0-F4571BAEE700}
	EndGlobalSection
EndGlobal
