
Microsoft Visual Studio Solution File, Format Version 12.00
# Visual Studio Version 17
VisualStudioVersion = 17.11.35327.3
MinimumVisualStudioVersion = 10.0.40219.1
Project("{FAE04EC0-301F-11D3-BF4B-00C04F79EFBC}") = "rows", "rows\rows.csproj", "{57EE6879-177C-4122-95E1-5EF6DD790DBB}"
EndProject
Global
	GlobalSection(SolutionConfigurationPlatforms) = preSolution
		Debug|Any CPU = Debug|Any CPU
		Release|Any CPU = Release|Any CPU
	EndGlobalSection
	GlobalSection(ProjectConfigurationPlatforms) = postSolution
		{57EE6879-177C-4122-95E1-5EF6DD790DBB}.Debug|Any CPU.ActiveCfg = Debug|Any CPU
		{57EE6879-177C-4122-95E1-5EF6DD790DBB}.Debug|Any CPU.Build.0 = Debug|Any CPU
		{57EE6879-177C-4122-95E1-5EF6DD790DBB}.Release|Any CPU.ActiveCfg = Release|Any CPU
		{57EE6879-177C-4122-95E1-5EF6DD790DBB}.Release|Any CPU.Build.0 = Release|Any CPU
	EndGlobalSection
	GlobalSection(SolutionProperties) = preSolution
		HideSolutionNode = FALSE
	EndGlobalSection
	GlobalSection(ExtensibilityGlobals) = postSolution
		SolutionGuid = {8292A511-F7C9-4927-A3C2-38BC921D0DB0}
	EndGlobalSection
EndGlobal
