
Microsoft Visual Studio Solution File, Format Version 12.00
# Visual Studio Version 17
VisualStudioVersion = 17.11.35327.3
MinimumVisualStudioVersion = 10.0.40219.1
Project("{FAE04EC0-301F-11D3-BF4B-00C04F79EFBC}") = "practice", "practice\practice.csproj", "{6177DAE9-24FB-43F8-A821-C7468F529C4E}"
EndProject
Global
	GlobalSection(SolutionConfigurationPlatforms) = preSolution
		Debug|Any CPU = Debug|Any CPU
		Release|Any CPU = Release|Any CPU
	EndGlobalSection
	GlobalSection(ProjectConfigurationPlatforms) = postSolution
		{6177DAE9-24FB-43F8-A821-C7468F529C4E}.Debug|Any CPU.ActiveCfg = Debug|Any CPU
		{6177DAE9-24FB-43F8-A821-C7468F529C4E}.Debug|Any CPU.Build.0 = Debug|Any CPU
		{6177DAE9-24FB-43F8-A821-C7468F529C4E}.Release|Any CPU.ActiveCfg = Release|Any CPU
		{6177DAE9-24FB-43F8-A821-C7468F529C4E}.Release|Any CPU.Build.0 = Release|Any CPU
	EndGlobalSection
	GlobalSection(SolutionProperties) = preSolution
		HideSolutionNode = FALSE
	EndGlobalSection
	GlobalSection(ExtensibilityGlobals) = postSolution
		SolutionGuid = {325635DD-3677-45BE-BED2-6B8B58AE5AFA}
	EndGlobalSection
EndGlobal
